
Microsoft Visual Studio Solution File, Format Version 12.00
# Visual Studio Version 17
VisualStudioVersion = 17.9.34622.214
MinimumVisualStudioVersion = 10.0.40219.1
Project("{9A19103F-16F7-4668-BE54-9A1E7A4F7556}") = "Ontrack", "Ontrack\Ontrack.csproj", "{C6E5E841-EBE0-42E5-A153-C5BB91A8C2AE}"
EndProject
Global
	GlobalSection(SolutionConfigurationPlatforms) = preSolution
		Debug|Any CPU = Debug|Any CPU
		Debug|x64 = Debug|x64
		Release|Any CPU = Release|Any CPU
		Release|x64 = Release|x64
	EndGlobalSection
	GlobalSection(ProjectConfigurationPlatforms) = postSolution
		{C6E5E841-EBE0-42E5-A153-C5BB91A8C2AE}.Debug|Any CPU.ActiveCfg = Debug|Any CPU
		{C6E5E841-EBE0-42E5-A153-C5BB91A8C2AE}.Debug|Any CPU.Build.0 = Debug|Any CPU
		{C6E5E841-EBE0-42E5-A153-C5BB91A8C2AE}.Debug|x64.ActiveCfg = Debug|x64
		{C6E5E841-EBE0-42E5-A153-C5BB91A8C2AE}.Debug|x64.Build.0 = Debug|x64
		{C6E5E841-EBE0-42E5-A153-C5BB91A8C2AE}.Release|Any CPU.ActiveCfg = Release|Any CPU
		{C6E5E841-EBE0-42E5-A153-C5BB91A8C2AE}.Release|Any CPU.Build.0 = Release|Any CPU
		{C6E5E841-EBE0-42E5-A153-C5BB91A8C2AE}.Release|x64.ActiveCfg = Release|x64
		{C6E5E841-EBE0-42E5-A153-C5BB91A8C2AE}.Release|x64.Build.0 = Release|x64
	EndGlobalSection
	GlobalSection(SolutionProperties) = preSolution
		HideSolutionNode = FALSE
	EndGlobalSection
	GlobalSection(ExtensibilityGlobals) = postSolution
		SolutionGuid = {ED8516A8-43D1-4E82-8383-6D22E1B2C979}
	EndGlobalSection
EndGlobal
